{
  "version": 4,
  "terraform_version": "1.14.3",
  "serial": 7,
  "lineage": "10278d9f-cfee-a604-1026-9b98e972f3de",
  "outputs": {
    "network_id": {
      "value": "N_662029145223611931",
      "type": "string"
    }
  },
  "resources": [
    {
      "mode": "managed",
      "type": "meraki_network",
      "name": "lab",
      "provider": "provider[\"registry.terraform.io/ciscodevnet/meraki\"]",
      "instances": [
        {
          "schema_version": 0,
          "attributes": {
            "id": "N_662029145223611931",
            "name": "TF-LAB-NOTES",
            "notes": "Lab v1 - created by Terraform",
            "organization_id": "898544",
            "product_types": [
              "wireless"
            ],
            "tags": null,
            "time_zone": "Europe/London"
          },
          "sensitive_attributes": [],
          "identity_schema_version": 0,
          "private": "eyJpbXBvcnRpbmciOiJNQT09In0="
        }
      ]
    },
    {
      "mode": "managed",
      "type": "meraki_wireless_ssid",
      "name": "lab",
      "provider": "provider[\"registry.terraform.io/ciscodevnet/meraki\"]",
      "instances": [
        {
          "schema_version": 0,
          "attributes": {
            "active_directory_credentials_logon_name": null,
            "active_directory_credentials_password": null,
            "active_directory_servers": null,
            "adaptive_policy_group_id": null,
            "adult_content_filtering_enabled": null,
            "ap_tags_and_vlan_ids": null,
            "auth_mode": "psk",
            "availability_tags": null,
            "available_on_all_aps": null,
            "band_selection": null,
            "concentrator_network_id": null,
            "default_vlan_id": null,
            "disassociate_clients_on_vpn_failover": null,
            "dns_rewrite_dns_custom_nameservers": null,
            "dns_rewrite_enabled": null,
            "dot11r_adaptive": null,
            "dot11r_enabled": null,
            "dot11w_enabled": null,
            "dot11w_required": null,
            "enabled": true,
            "encryption_mode": "wpa",
            "enterprise_admin_access": null,
            "gre_concentrator_host": null,
            "gre_key": null,
            "id": "2",
            "ip_assignment_mode": null,
            "lan_isolation_enabled": null,
            "ldap_base_distinguished_name": null,
            "ldap_credentials_distinguished_name": null,
            "ldap_credentials_password": null,
            "ldap_server_ca_certificate_contents": null,
            "ldap_servers": null,
            "local_auth_fallback_cache_timeout": null,
            "local_auth_fallback_enabled": null,
            "local_auth_fallback_server_ca_certificate_contents": null,
            "local_radius_cache_timeout": null,
            "local_radius_certificate_authentication_client_root_ca_certificate_contents": null,
            "local_radius_certificate_authentication_enabled": null,
            "local_radius_certificate_authentication_ocsp_responder_url": null,
            "local_radius_certificate_authentication_use_ldap": null,
            "local_radius_certificate_authentication_use_ocsp": null,
            "local_radius_password_authentication_enabled": null,
            "mandatory_dhcp_enabled": null,
            "min_bitrate": null,
            "name": "labssid1-2",
            "named_vlans_radius_guest_vlan_enabled": null,
            "named_vlans_radius_guest_vlan_name": null,
            "named_vlans_tagging_by_ap_tags": null,
            "named_vlans_tagging_default_vlan_name": null,
            "named_vlans_tagging_enabled": null,
            "network_id": "N_662029145223611931",
            "number": "2",
            "oauth_allowed_domains": null,
            "per_client_bandwidth_limit_down": null,
            "per_client_bandwidth_limit_up": null,
            "per_ssid_bandwidth_limit_down": null,
            "per_ssid_bandwidth_limit_up": null,
            "psk": "ChangeMe_123456!",
            "radius_accounting_enabled": null,
            "radius_accounting_interim_interval": null,
            "radius_accounting_servers": null,
            "radius_accounting_start_delay": null,
            "radius_attribute_for_group_policies": null,
            "radius_authentication_nas_id": null,
            "radius_called_station_id": null,
            "radius_coa_enabled": null,
            "radius_das_clients_ips": null,
            "radius_das_clients_shared_secret": null,
            "radius_failover_policy": null,
            "radius_fallback_enabled": null,
            "radius_guest_vlan_enabled": null,
            "radius_guest_vlan_id": null,
            "radius_load_balancing_policy": null,
            "radius_override": null,
            "radius_proxy_enabled": null,
            "radius_radsec_tls_tunnel_timeout": null,
            "radius_server_attempts_limit": null,
            "radius_server_timeout": null,
            "radius_servers": null,
            "radius_testing_enabled": null,
            "secondary_concentrator_network_id": null,
            "speed_burst_enabled": null,
            "splash_guest_sponsor_domains": null,
            "splash_page": null,
            "use_vlan_tagging": null,
            "visible": null,
            "vlan_id": null,
            "walled_garden_enabled": null,
            "walled_garden_ranges": null,
            "wpa_encryption_mode": null
          },
          "sensitive_attributes": [
            [
              {
                "type": "get_attr",
                "value": "psk"
              }
            ]
          ],
          "identity_schema_version": 0,
          "private": "eyJpbXBvcnRpbmciOiJNQT09In0=",
          "dependencies": [
            "meraki_network.lab"
          ]
        }
      ]
    }
  ],
  "check_results": null
}
